Microsoft Visual Studio Solution File, Format Version 12.00
# Visual Studio Version 17
VisualStudioVersion = 17.5.2.0
MinimumVisualStudioVersion = 10.0.40219.1
Project("{FAE04EC0-301F-11D3-BF4B-00C04F79EFBC}") = "Venue.Application", "Venue.Application\Venue.Application.csproj", "{30E9E9A3-EFC7-8306-93FB-B5B4C4715A85}"
EndProject
Project("{FAE04EC0-301F-11D3-BF4B-00C04F79EFBC}") = "Venue.Domain", "Venue.Domain\Venue.Domain.csproj", "{AA1EFC99-297F-4C43-C494-EBFC0F881198}"
EndProject
Project("{FAE04EC0-301F-11D3-BF4B-00C04F79EFBC}") = "Venue.Infrastructure", "Venue.Infrastructure\Venue.Infrastructure.csproj", "{B025A6CD-8B29-1540-9B82-8FA4904E4D18}"
EndProject
Project("{FAE04EC0-301F-11D3-BF4B-00C04F79EFBC}") = "Venue.UI", "Venue.UI\Venue.UI.csproj", "{855A332C-6A95-812A-511C-4347E66A388A}"
EndProject
Global
	GlobalSection(SolutionConfigurationPlatforms) = preSolution
		Debug|Any CPU = Debug|Any CPU
		Release|Any CPU = Release|Any CPU
	EndGlobalSection
	GlobalSection(ProjectConfigurationPlatforms) = postSolution
		{30E9E9A3-EFC7-8306-93FB-B5B4C4715A85}.Debug|Any CPU.ActiveCfg = Debug|Any CPU
		{30E9E9A3-EFC7-8306-93FB-B5B4C4715A85}.Debug|Any CPU.Build.0 = Debug|Any CPU
		{30E9E9A3-EFC7-8306-93FB-B5B4C4715A85}.Release|Any CPU.ActiveCfg = Release|Any CPU
		{30E9E9A3-EFC7-8306-93FB-B5B4C4715A85}.Release|Any CPU.Build.0 = Release|Any CPU
		{AA1EFC99-297F-4C43-C494-EBFC0F881198}.Debug|Any CPU.ActiveCfg = Debug|Any CPU
		{AA1EFC99-297F-4C43-C494-EBFC0F881198}.Debug|Any CPU.Build.0 = Debug|Any CPU
		{AA1EFC99-297F-4C43-C494-EBFC0F881198}.Release|Any CPU.ActiveCfg = Release|Any CPU
		{AA1EFC99-297F-4C43-C494-EBFC0F881198}.Release|Any CPU.Build.0 = Release|Any CPU
		{B025A6CD-8B29-1540-9B82-8FA4904E4D18}.Debug|Any CPU.ActiveCfg = Debug|Any CPU
		{B025A6CD-8B29-1540-9B82-8FA4904E4D18}.Debug|Any CPU.Build.0 = Debug|Any CPU
		{B025A6CD-8B29-1540-9B82-8FA4904E4D18}.Release|Any CPU.ActiveCfg = Release|Any CPU
		{B025A6CD-8B29-1540-9B82-8FA4904E4D18}.Release|Any CPU.Build.0 = Release|Any CPU
		{855A332C-6A95-812A-511C-4347E66A388A}.Debug|Any CPU.ActiveCfg = Debug|Any CPU
		{855A332C-6A95-812A-511C-4347E66A388A}.Debug|Any CPU.Build.0 = Debug|Any CPU
		{855A332C-6A95-812A-511C-4347E66A388A}.Release|Any CPU.ActiveCfg = Release|Any CPU
		{855A332C-6A95-812A-511C-4347E66A388A}.Release|Any CPU.Build.0 = Release|Any CPU
	EndGlobalSection
	GlobalSection(SolutionProperties) = preSolution
		HideSolutionNode = FALSE
	EndGlobalSection
	GlobalSection(ExtensibilityGlobals) = postSolution
		SolutionGuid = {A98058DB-AB79-482D-9FB8-53674CA3F145}
	EndGlobalSection
EndGlobal
